<?xml version="1.0" encoding="utf-8"?>
<Project ToolsVersion="4.0" xmlns="http://schemas.microsoft.com/developer/msbuild/2003">
  <ItemGroup>
    <Filter Include="Precompiled">
      <UniqueIdentifier>{c54e400a-0b22-4fb9-ad4a-68aaa9abc7ca}</UniqueIdentifier>
    </Filter>
    <Filter Include="Game">
      <UniqueIdentifier>{d6a6b6cd-f9a5-4355-88ae-c73c49b1ecae}</UniqueIdentifier>
    </Filter>
    <Filter Include="Game\Levels">
      <UniqueIdentifier>{eb42e325-6dc2-4ec9-a38c-fed4827f3174}</UniqueIdentifier>
    </Filter>
    <Filter Include="Game\Behaviors">
      <UniqueIdentifier>{30b4313e-2f34-40ba-9613-d250bab122eb}</UniqueIdentifier>
    </Filter>
    <Filter Include="Game\Behaviors\Player">
      <UniqueIdentifier>{c42e97de-4a58-447f-b8e2-31456a6841f1}</UniqueIdentifier>
    </Filter>
    <Filter Include="Game\Behaviors\IO">
      <UniqueIdentifier>{a5f35f09-dad2-4bd2-b1ba-e3f17d62a207}</UniqueIdentifier>
    </Filter>
    <Filter Include="Game\Behaviors\Utils">
      <UniqueIdentifier>{72e3e81a-39fa-46fe-971b-0e6add468fb1}</UniqueIdentifier>
    </Filter>
    <Filter Include="Game\Behaviors\GameElements">
      <UniqueIdentifier>{f995951d-85d6-4141-99f2-52e8fbdffaff}</UniqueIdentifier>
    </Filter>
    <Filter Include="Game\Levels\Menus">
      <UniqueIdentifier>{f3cfc236-5c84-439d-a983-8fca3814782b}</UniqueIdentifier>
    </Filter>
  </ItemGroup>
  <ItemGroup>
    <ClCompile Include="Source\Main.cpp" />
    <ClCompile Include="Source\stdafx.cpp">
      <Filter>Precompiled</Filter>
    </ClCompile>
    <ClCompile Include="Source\Archetypes.cpp">
      <Filter>Game</Filter>
    </ClCompile>
    <ClCompile Include="Source\TestLevel.cpp">
      <Filter>Game\Levels</Filter>
    </ClCompile>
    <ClCompile Include="Source\PlayerAnimController.cpp">
      <Filter>Game\Behaviors\Player</Filter>
    </ClCompile>
    <ClCompile Include="Source\PlayerMove.cpp">
      <Filter>Game\Behaviors\Player</Filter>
    </ClCompile>
    <ClCompile Include="Source\CameraController.cpp">
      <Filter>Game\Behaviors\Player</Filter>
    </ClCompile>
    <ClCompile Include="Source\MouseClick.cpp">
      <Filter>Game\Behaviors\IO</Filter>
    </ClCompile>
    <ClCompile Include="Source\UIButton.cpp">
      <Filter>Game\Behaviors\IO</Filter>
    </ClCompile>
    <ClCompile Include="Source\ColorChange.cpp">
      <Filter>Game\Behaviors\Utils</Filter>
    </ClCompile>
    <ClCompile Include="Source\TimedDeath.cpp">
      <Filter>Game\Behaviors\Utils</Filter>
    </ClCompile>
    <ClCompile Include="Source\Level1.cpp">
      <Filter>Game\Levels</Filter>
    </ClCompile>
    <ClCompile Include="Source\Level2.cpp">
      <Filter>Game\Levels</Filter>
    </ClCompile>
    <ClCompile Include="Source\LevelChanger.cpp">
      <Filter>Game\Behaviors\Utils</Filter>
    </ClCompile>
    <ClCompile Include="Source\SpriteText.cpp">
      <Filter>Game\Behaviors\Utils</Filter>
    </ClCompile>
    <ClCompile Include="Source\DebugLevelSwaper.cpp">
      <Filter>Game\Behaviors\Utils</Filter>
    </ClCompile>
    <ClCompile Include="Source\Button.cpp">
      <Filter>Game\Behaviors\GameElements</Filter>
    </ClCompile>
    <ClCompile Include="Source\Door.cpp">
      <Filter>Game\Behaviors\GameElements</Filter>
    </ClCompile>
    <ClCompile Include="Source\Enemy.cpp">
      <Filter>Game\Behaviors\GameElements</Filter>
    </ClCompile>
    <ClCompile Include="Source\MainMenu.cpp">
      <Filter>Game\Levels\Menus</Filter>
    </ClCompile>
    <ClCompile Include="Source\ExplosionTimer.cpp">
      <Filter>Game\Behaviors\GameElements</Filter>
    </ClCompile>
    <ClCompile Include="Source\AboutGame.cpp">
      <Filter>Game\Levels\Menus</Filter>
    </ClCompile>
  </ItemGroup>
  <ItemGroup>
    <ClInclude Include="Source\stdafx.h">
      <Filter>Precompiled</Filter>
    </ClInclude>
    <ClInclude Include="Source\Archetypes.h">
      <Filter>Game</Filter>
    </ClInclude>
    <ClInclude Include="Source\TestLevel.h">
      <Filter>Game\Levels</Filter>
    </ClInclude>
    <ClInclude Include="Source\PlayerAnimController.h">
      <Filter>Game\Behaviors\Player</Filter>
    </ClInclude>
    <ClInclude Include="Source\PlayerMove.h">
      <Filter>Game\Behaviors\Player</Filter>
    </ClInclude>
    <ClInclude Include="Source\CameraController.h">
      <Filter>Game\Behaviors\Player</Filter>
    </ClInclude>
    <ClInclude Include="Source\MouseClick.h">
      <Filter>Game\Behaviors\IO</Filter>
    </ClInclude>
    <ClInclude Include="Source\UIButton.h">
      <Filter>Game\Behaviors\IO</Filter>
    </ClInclude>
    <ClInclude Include="Source\ColorChange.h">
      <Filter>Game\Behaviors\Utils</Filter>
    </ClInclude>
    <ClInclude Include="Source\TimedDeath.h">
      <Filter>Game\Behaviors\Utils</Filter>
    </ClInclude>
    <ClInclude Include="Source\Level1.h">
      <Filter>Game\Levels</Filter>
    </ClInclude>
    <ClInclude Include="Source\Level2.h">
      <Filter>Game\Levels</Filter>
    </ClInclude>
    <ClInclude Include="Source\LevelChanger.h">
      <Filter>Game\Behaviors\Utils</Filter>
    </ClInclude>
    <ClInclude Include="Source\SpriteText.h">
      <Filter>Game\Behaviors\Utils</Filter>
    </ClInclude>
    <ClInclude Include="Source\DebugLevelSwaper.h">
      <Filter>Game\Behaviors\Utils</Filter>
    </ClInclude>
    <ClInclude Include="Source\Button.h">
      <Filter>Game\Behaviors\GameElements</Filter>
    </ClInclude>
    <ClInclude Include="Source\Door.h">
      <Filter>Game\Behaviors\GameElements</Filter>
    </ClInclude>
    <ClInclude Include="Source\Enemy.h">
      <Filter>Game\Behaviors\GameElements</Filter>
    </ClInclude>
    <ClInclude Include="Source\MainMenu.h">
      <Filter>Game\Levels\Menus</Filter>
    </ClInclude>
    <ClInclude Include="Source\ExplosionTimer.h">
      <Filter>Game\Behaviors\GameElements</Filter>
    </ClInclude>
    <ClInclude Include="Source\AboutGame.h">
      <Filter>Game\Levels\Menus</Filter>
    </ClInclude>
  </ItemGroup>
</Project>