<?xml version="1.0" encoding="utf-8"?>
<Project ToolsVersion="4.0" xmlns="http://schemas.microsoft.com/developer/msbuild/2003">
  <ItemGroup>
    <Filter Include="Precompiled">
      <UniqueIdentifier>{c54e400a-0b22-4fb9-ad4a-68aaa9abc7ca}</UniqueIdentifier>
    </Filter>
    <Filter Include="Game">
      <UniqueIdentifier>{d6a6b6cd-f9a5-4355-88ae-c73c49b1ecae}</UniqueIdentifier>
    </Filter>
    <Filter Include="Game\Levels">
      <UniqueIdentifier>{eb42e325-6dc2-4ec9-a38c-fed4827f3174}</UniqueIdentifier>
    </Filter>
    <Filter Include="Game\Behaviors">
      <UniqueIdentifier>{30b4313e-2f34-40ba-9613-d250bab122eb}</UniqueIdentifier>
    </Filter>
    <Filter Include="Game\Behaviors\UI">
      <UniqueIdentifier>{cc62bbbb-6a5c-4d49-a444-46fc767a0280}</UniqueIdentifier>
    </Filter>
    <Filter Include="Game\Behaviors\Utils">
      <UniqueIdentifier>{d18abd17-deda-4e4d-a433-4f35e6d54fda}</UniqueIdentifier>
    </Filter>
    <Filter Include="Game\Behaviors\LevelEdit">
      <UniqueIdentifier>{2bae48c8-1090-464e-b362-798022ca1eb2}</UniqueIdentifier>
    </Filter>
    <Filter Include="Game\Behaviors\UI\Buttons">
      <UniqueIdentifier>{36164ccd-ec0b-407f-bbfa-b57b347c0e7b}</UniqueIdentifier>
    </Filter>
  </ItemGroup>
  <ItemGroup>
    <ClCompile Include="Source\stdafx.cpp">
      <Filter>Precompiled</Filter>
    </ClCompile>
    <ClCompile Include="Source\LevelEditorLevel.cpp">
      <Filter>Game\Levels</Filter>
    </ClCompile>
    <ClCompile Include="Source\LevelEditorUI.cpp">
      <Filter>Game\Levels</Filter>
    </ClCompile>
    <ClCompile Include="Source\Main.cpp" />
    <ClCompile Include="Source\Menu.cpp">
      <Filter>Game\Behaviors\UI</Filter>
    </ClCompile>
    <ClCompile Include="Source\TileMapBrush.cpp">
      <Filter>Game\Behaviors\LevelEdit</Filter>
    </ClCompile>
    <ClCompile Include="Source\MenuController.cpp">
      <Filter>Game\Behaviors\UI</Filter>
    </ClCompile>
    <ClCompile Include="Source\LevelManagerLevel.cpp">
      <Filter>Game\Levels</Filter>
    </ClCompile>
    <ClCompile Include="Source\Button.cpp">
      <Filter>Game\Behaviors\UI\Buttons</Filter>
    </ClCompile>
    <ClCompile Include="Source\TileButton.cpp">
      <Filter>Game\Behaviors\UI\Buttons</Filter>
    </ClCompile>
    <ClCompile Include="Source\Tab.cpp">
      <Filter>Game\Behaviors\UI\Buttons</Filter>
    </ClCompile>
    <ClCompile Include="Source\CameraMovement.cpp">
      <Filter>Game\Behaviors\Utils</Filter>
    </ClCompile>
    <ClCompile Include="Source\GameObjectButton.cpp">
      <Filter>Game\Behaviors\UI\Buttons</Filter>
    </ClCompile>
    <ClCompile Include="Source\GameObjectPlacer.cpp">
      <Filter>Game\Behaviors\LevelEdit</Filter>
    </ClCompile>
  </ItemGroup>
  <ItemGroup>
    <ClInclude Include="Source\stdafx.h">
      <Filter>Precompiled</Filter>
    </ClInclude>
    <ClInclude Include="Source\LevelEditorLevel.h">
      <Filter>Game\Levels</Filter>
    </ClInclude>
    <ClInclude Include="Source\LevelEditorUI.h">
      <Filter>Game\Levels</Filter>
    </ClInclude>
    <ClInclude Include="Source\Menu.h">
      <Filter>Game\Behaviors\UI</Filter>
    </ClInclude>
    <ClInclude Include="Source\TileMapBrush.h">
      <Filter>Game\Behaviors\LevelEdit</Filter>
    </ClInclude>
    <ClInclude Include="Source\MenuController.h">
      <Filter>Game\Behaviors\UI</Filter>
    </ClInclude>
    <ClInclude Include="Source\LevelManagerLevel.h">
      <Filter>Game\Levels</Filter>
    </ClInclude>
    <ClInclude Include="Source\Button.h">
      <Filter>Game\Behaviors\UI\Buttons</Filter>
    </ClInclude>
    <ClInclude Include="Source\TileButton.h">
      <Filter>Game\Behaviors\UI\Buttons</Filter>
    </ClInclude>
    <ClInclude Include="Source\Tab.h">
      <Filter>Game\Behaviors\UI\Buttons</Filter>
    </ClInclude>
    <ClInclude Include="Source\CameraMovement.h">
      <Filter>Game\Behaviors\Utils</Filter>
    </ClInclude>
    <ClInclude Include="resource.h" />
    <ClInclude Include="Source\GameObjectButton.h">
      <Filter>Game\Behaviors\UI\Buttons</Filter>
    </ClInclude>
    <ClInclude Include="Source\GameObjectPlacer.h">
      <Filter>Game\Behaviors\LevelEdit</Filter>
    </ClInclude>
  </ItemGroup>
  <ItemGroup>
    <ResourceCompile Include="Resource.rc" />
  </ItemGroup>
</Project>